
Microsoft Visual Studio Solution File, Format Version 12.00
# Visual Studio Version 17
VisualStudioVersion = 17.7.34221.43
MinimumVisualStudioVersion = 10.0.40219.1
Project("{FAE04EC0-301F-11D3-BF4B-00C04F79EFBC}") = "EasyCase-令牌阉割-1.0.0", "WindowsFormsApp1\EasyCase-令牌阉割-1.0.0.csproj", "{2EFD4909-C8F7-4448-8C06-0916ACBA140B}"
EndProject
Global
	GlobalSection(SolutionConfigurationPlatforms) = preSolution
		Debug|Any CPU = Debug|Any CPU
		Release|Any CPU = Release|Any CPU
	EndGlobalSection
	GlobalSection(ProjectConfigurationPlatforms) = postSolution
		{2EFD4909-C8F7-4448-8C06-0916ACBA140B}.Debug|Any CPU.ActiveCfg = Debug|Any CPU
		{2EFD4909-C8F7-4448-8C06-0916ACBA140B}.Debug|Any CPU.Build.0 = Debug|Any CPU
		{2EFD4909-C8F7-4448-8C06-0916ACBA140B}.Release|Any CPU.ActiveCfg = Release|Any CPU
		{2EFD4909-C8F7-4448-8C06-0916ACBA140B}.Release|Any CPU.Build.0 = Release|Any CPU
	EndGlobalSection
	GlobalSection(SolutionProperties) = preSolution
		HideSolutionNode = FALSE
	EndGlobalSection
	GlobalSection(ExtensibilityGlobals) = postSolution
		SolutionGuid = {575B1646-ED92-47A0-9B95-E51D5F0F7F0B}
	EndGlobalSection
EndGlobal
